
Microsoft Visual Studio Solution File, Format Version 12.00
# Visual Studio Version 16
VisualStudioVersion = 16.0.29009.5
MinimumVisualStudioVersion = 10.0.40219.1
Project("{FAE04EC0-301F-11D3-BF4B-00C04F79EFBC}") = "WpfApp1", "WpfApp1\WpfApp1.csproj", "{219D309D-562D-43ED-9B40-78A3013C14EB}"
EndProject
Global
	GlobalSection(SolutionConfigurationPlatforms) = preSolution
		Debug|Any CPU = Debug|Any CPU
		Release|Any CPU = Release|Any CPU
	EndGlobalSection
	GlobalSection(ProjectConfigurationPlatforms) = postSolution
		{219D309D-562D-43ED-9B40-78A3013C14EB}.Debug|Any CPU.ActiveCfg = Debug|Any CPU
		{219D309D-562D-43ED-9B40-78A3013C14EB}.Debug|Any CPU.Build.0 = Debug|Any CPU
		{219D309D-562D-43ED-9B40-78A3013C14EB}.Release|Any CPU.ActiveCfg = Release|Any CPU
		{219D309D-562D-43ED-9B40-78A3013C14EB}.Release|Any CPU.Build.0 = Release|Any CPU
	EndGlobalSection
	GlobalSection(SolutionProperties) = preSolution
		HideSolutionNode = FALSE
	EndGlobalSection
	GlobalSection(ExtensibilityGlobals) = postSolution
		SolutionGuid = {E29670A9-5BC2-4659-A53D-750BED164AFB}
	EndGlobalSection
EndGlobal
